<?xml version="1.0" encoding="utf-8"?>
<Project ToolsVersion="4.0" xmlns="http://schemas.microsoft.com/developer/msbuild/2003">
  <ItemGroup>
    <Filter Include="Source Files">
      <UniqueIdentifier>{4FC737F1-C7A5-4376-A066-2A32D752A2FF}</UniqueIdentifier>
      <Extensions>cpp;c;cc;cxx;c++;cppm;ixx;def;odl;idl;hpj;bat;asm;asmx</Extensions>
    </Filter>
    <Filter Include="Header Files">
      <UniqueIdentifier>{93995380-89BD-4b04-88EB-625FBE52EBFB}</UniqueIdentifier>
      <Extensions>h;hh;hpp;hxx;h++;hm;inl;inc;ipp;xsd</Extensions>
    </Filter>
    <Filter Include="Resource Files">
      <UniqueIdentifier>{67DA6AB6-F800-4c08-8B7A-83BB121AAD01}</UniqueIdentifier>
      <Extensions>rc;ico;cur;bmp;dlg;rc2;rct;bin;rgs;gif;jpg;jpeg;jpe;resx;tiff;tif;png;wav;mfcribbon-ms</Extensions>
    </Filter>
    <Filter Include="Header Files\Entities">
      <UniqueIdentifier>{059c57f8-a318-47b8-8572-b8d9d3aa2342}</UniqueIdentifier>
    </Filter>
    <Filter Include="Header Files\Events">
      <UniqueIdentifier>{ab6e1b8d-641b-4994-959f-b6f6ab00c243}</UniqueIdentifier>
    </Filter>
    <Filter Include="Source Files\Entities">
      <UniqueIdentifier>{9d0b2663-d9c4-4a5a-a5db-08629d49c28c}</UniqueIdentifier>
    </Filter>
    <Filter Include="Source Files\Events">
      <UniqueIdentifier>{339cc686-5f0d-4174-add2-f0de2f6a80c7}</UniqueIdentifier>
    </Filter>
    <Filter Include="Resource Files\Font">
      <UniqueIdentifier>{2f1c8df8-2ea0-4adc-a7de-b2f0faa45392}</UniqueIdentifier>
    </Filter>
    <Filter Include="Resource Files\Graphic">
      <UniqueIdentifier>{14e54e99-60fd-4202-9a0e-145c6f9e848c}</UniqueIdentifier>
    </Filter>
    <Filter Include="Resource Files\lua">
      <UniqueIdentifier>{08dddad8-a4d9-46f1-93d9-1b78575d113d}</UniqueIdentifier>
    </Filter>
  </ItemGroup>
  <ItemGroup>
    <ClCompile Include="Main.cpp">
      <Filter>Source Files</Filter>
    </ClCompile>
    <ClCompile Include="Configuration.cpp">
      <Filter>Source Files</Filter>
    </ClCompile>
    <ClCompile Include="Context.cpp">
      <Filter>Source Files</Filter>
    </ClCompile>
    <ClCompile Include="Entity.cpp">
      <Filter>Source Files</Filter>
    </ClCompile>
    <ClCompile Include="Event.cpp">
      <Filter>Source Files</Filter>
    </ClCompile>
    <ClCompile Include="Game.cpp">
      <Filter>Source Files</Filter>
    </ClCompile>
    <ClCompile Include="Handler.cpp">
      <Filter>Source Files</Filter>
    </ClCompile>
    <ClCompile Include="Random.cpp">
      <Filter>Source Files</Filter>
    </ClCompile>
    <ClCompile Include="Bullet.cpp">
      <Filter>Source Files\Entities</Filter>
    </ClCompile>
    <ClCompile Include="Destroyer.cpp">
      <Filter>Source Files\Entities</Filter>
    </ClCompile>
    <ClCompile Include="Explosion.cpp">
      <Filter>Source Files\Entities</Filter>
    </ClCompile>
    <ClCompile Include="Fighter.cpp">
      <Filter>Source Files\Entities</Filter>
    </ClCompile>
    <ClCompile Include="LargeMine.cpp">
      <Filter>Source Files\Entities</Filter>
    </ClCompile>
    <ClCompile Include="Mine.cpp">
      <Filter>Source Files\Entities</Filter>
    </ClCompile>
    <ClCompile Include="PowerUp.cpp">
      <Filter>Source Files\Entities</Filter>
    </ClCompile>
    <ClCompile Include="Shield.cpp">
      <Filter>Source Files\Entities</Filter>
    </ClCompile>
    <ClCompile Include="Ship.cpp">
      <Filter>Source Files\Entities</Filter>
    </ClCompile>
    <ClCompile Include="SmallMine.cpp">
      <Filter>Source Files\Entities</Filter>
    </ClCompile>
    <ClCompile Include="Solid.cpp">
      <Filter>Source Files\Entities</Filter>
    </ClCompile>
    <ClCompile Include="Death.cpp">
      <Filter>Source Files\Events</Filter>
    </ClCompile>
    <ClCompile Include="Hit.cpp">
      <Filter>Source Files\Events</Filter>
    </ClCompile>
    <ClCompile Include="Kill.cpp">
      <Filter>Source Files\Events</Filter>
    </ClCompile>
    <ClCompile Include="Render.cpp">
      <Filter>Source Files\Events</Filter>
    </ClCompile>
    <ClCompile Include="Score.cpp">
      <Filter>Source Files\Events</Filter>
    </ClCompile>
    <ClCompile Include="Spawn.cpp">
      <Filter>Source Files\Events</Filter>
    </ClCompile>
    <ClCompile Include="Tick.cpp">
      <Filter>Source Files\Events</Filter>
    </ClCompile>
  </ItemGroup>
  <ItemGroup>
    <ClInclude Include="Configuration.hpp">
      <Filter>Header Files</Filter>
    </ClInclude>
    <ClInclude Include="Context.hpp">
      <Filter>Header Files</Filter>
    </ClInclude>
    <ClInclude Include="Entity.hpp">
      <Filter>Header Files</Filter>
    </ClInclude>
    <ClInclude Include="Event.hpp">
      <Filter>Header Files</Filter>
    </ClInclude>
    <ClInclude Include="Game.hpp">
      <Filter>Header Files</Filter>
    </ClInclude>
    <ClInclude Include="Handler.hpp">
      <Filter>Header Files</Filter>
    </ClInclude>
    <ClInclude Include="Random.hpp">
      <Filter>Header Files</Filter>
    </ClInclude>
    <ClInclude Include="Shared.hpp">
      <Filter>Header Files</Filter>
    </ClInclude>
    <ClInclude Include="Bullet.hpp">
      <Filter>Header Files\Entities</Filter>
    </ClInclude>
    <ClInclude Include="Destroyer.hpp">
      <Filter>Header Files\Entities</Filter>
    </ClInclude>
    <ClInclude Include="Explosion.hpp">
      <Filter>Header Files\Entities</Filter>
    </ClInclude>
    <ClInclude Include="Fighter.hpp">
      <Filter>Header Files\Entities</Filter>
    </ClInclude>
    <ClInclude Include="LargeMine.hpp">
      <Filter>Header Files\Entities</Filter>
    </ClInclude>
    <ClInclude Include="Mine.hpp">
      <Filter>Header Files\Entities</Filter>
    </ClInclude>
    <ClInclude Include="PowerUp.hpp">
      <Filter>Header Files\Entities</Filter>
    </ClInclude>
    <ClInclude Include="Shield.hpp">
      <Filter>Header Files\Entities</Filter>
    </ClInclude>
    <ClInclude Include="Ship.hpp">
      <Filter>Header Files\Entities</Filter>
    </ClInclude>
    <ClInclude Include="SmallMine.hpp">
      <Filter>Header Files\Entities</Filter>
    </ClInclude>
    <ClInclude Include="Solid.hpp">
      <Filter>Header Files\Entities</Filter>
    </ClInclude>
    <ClInclude Include="Death.hpp">
      <Filter>Header Files\Events</Filter>
    </ClInclude>
    <ClInclude Include="Hit.hpp">
      <Filter>Header Files\Events</Filter>
    </ClInclude>
    <ClInclude Include="Kill.hpp">
      <Filter>Header Files\Events</Filter>
    </ClInclude>
    <ClInclude Include="Render.hpp">
      <Filter>Header Files\Events</Filter>
    </ClInclude>
    <ClInclude Include="Score.hpp">
      <Filter>Header Files\Events</Filter>
    </ClInclude>
    <ClInclude Include="Spawn.hpp">
      <Filter>Header Files\Events</Filter>
    </ClInclude>
    <ClInclude Include="Tick.hpp">
      <Filter>Header Files\Events</Filter>
    </ClInclude>
  </ItemGroup>
  <ItemGroup>
    <Font Include="Font\Times New Roman.ttf">
      <Filter>Resource Files\Font</Filter>
    </Font>
  </ItemGroup>
  <ItemGroup>
    <Image Include="Graphic\Bullet.png">
      <Filter>Resource Files\Graphic</Filter>
    </Image>
    <Image Include="Graphic\Destroyer.png">
      <Filter>Resource Files\Graphic</Filter>
    </Image>
    <Image Include="Graphic\Explosion.png">
      <Filter>Resource Files\Graphic</Filter>
    </Image>
    <Image Include="Graphic\Fighter.png">
      <Filter>Resource Files\Graphic</Filter>
    </Image>
    <Image Include="Graphic\LargeMine.png">
      <Filter>Resource Files\Graphic</Filter>
    </Image>
    <Image Include="Graphic\Shield.png">
      <Filter>Resource Files\Graphic</Filter>
    </Image>
    <Image Include="Graphic\Ship.png">
      <Filter>Resource Files\Graphic</Filter>
    </Image>
    <Image Include="Graphic\SmallMine.png">
      <Filter>Resource Files\Graphic</Filter>
    </Image>
  </ItemGroup>
  <ItemGroup>
    <None Include="lua\Bullet.lua">
      <Filter>Resource Files\lua</Filter>
    </None>
    <None Include="lua\Destroyer.lua">
      <Filter>Resource Files\lua</Filter>
    </None>
    <None Include="lua\Explosion.lua">
      <Filter>Resource Files\lua</Filter>
    </None>
    <None Include="lua\Fighter.lua">
      <Filter>Resource Files\lua</Filter>
    </None>
    <None Include="lua\Game.lua">
      <Filter>Resource Files\lua</Filter>
    </None>
    <None Include="lua\LargeMine.lua">
      <Filter>Resource Files\lua</Filter>
    </None>
    <None Include="lua\Shield.lua">
      <Filter>Resource Files\lua</Filter>
    </None>
    <None Include="lua\Ship.lua">
      <Filter>Resource Files\lua</Filter>
    </None>
    <None Include="lua\SmallMine.lua">
      <Filter>Resource Files\lua</Filter>
    </None>
  </ItemGroup>
</Project>